{
  "name": "workflow-agent",
  "lockfileVersion": 3,
  "requires": true,
  "packages": {
    "": {
      "name": "workflow-agent",
      "workspaces": [
        "packages/*"
      ],
      "dependencies": {
        "commander": "^13.1.0",
        "js-yaml": "^5.1.0"
      },
      "bin": {
        "workflow-agent": "packages/cli/src/index.js"
      }
    },
    "node_modules/@workflow-agent/agent": {
      "resolved": "packages/agent",
      "link": true
    },
    "node_modules/@workflow-agent/cli": {
      "resolved": "packages/cli",
      "link": true
    },
    "node_modules/@workflow-agent/core": {
      "resolved": "packages/core",
      "link": true
    },
    "node_modules/@workflow-agent/dashboard": {
      "resolved": "packages/dashboard",
      "link": true
    },
    "node_modules/argparse": {
      "version": "2.0.1",
      "resolved": "https://registry.npmjs.org/argparse/-/argparse-2.0.1.tgz",
      "integrity": "sha512-8+9WqebbFzpX9OR+Wa6O29asIogeRMzcGtAINdpMHHyAg10f05aSFVBbcEqGf/PXw1EjAZ+q2/bEBg3DvurK3Q==",
      "license": "Python-2.0"
    },
    "node_modules/commander": {
      "version": "13.1.0",
      "resolved": "https://registry.npmmirror.com/commander/-/commander-13.1.0.tgz",
      "integrity": "sha512-/rFeCpNJQbhSZjGVwO9RFV3xPqbnERS8MmIQzCtD/zl6gpJuV/bMLuN92oG3F7d8oDEHHRrujSXNUr8fpjntKw==",
      "license": "MIT",
      "engines": {
        "node": ">=18"
      }
    },
    "node_modules/js-yaml": {
      "version": "5.1.0",
      "resolved": "https://registry.npmjs.org/js-yaml/-/js-yaml-5.1.0.tgz",
      "integrity": "sha512-s8VA5jkR8f22S3NAXmhKPFqGUduqZGlsufabVOgN14iTdw/RXcym7bKkbwjxLK9Yw2lEvvmJjFp119+KPeo8Kg==",
      "funding": [
        {
          "type": "github",
          "url": "https://github.com/sponsors/puzrin"
        },
        {
          "type": "github",
          "url": "https://github.com/sponsors/nodeca"
        }
      ],
      "license": "MIT",
      "dependencies": {
        "argparse": "^2.0.1"
      },
      "bin": {
        "js-yaml": "bin/js-yaml.mjs"
      }
    },
    "packages/agent": {
      "name": "@workflow-agent/agent",
      "version": "0.1.0"
    },
    "packages/cli": {
      "name": "@workflow-agent/cli",
      "version": "0.1.0",
      "dependencies": {
        "@workflow-agent/agent": "0.1.0",
        "@workflow-agent/core": "0.1.0"
      },
      "bin": {
        "workflow-agent": "src/index.js"
      }
    },
    "packages/core": {
      "name": "@workflow-agent/core",
      "version": "0.1.0",
      "dependencies": {
        "js-yaml": "^5.1.0"
      }
    },
    "packages/dashboard": {
      "name": "@workflow-agent/dashboard",
      "version": "0.1.0"
    }
  }
}
